
Microsoft Visual Studio Solution File, Format Version 12.00
Project("{FAE04EC0-301F-11D3-BF4B-00C04F79EFBC}") = "ConsoleApp4", "ConsoleApp4\ConsoleApp4.csproj", "{B90D1DF1-F2F6-48CB-BD99-7017946D7BD5}"
EndProject
Global
	GlobalSection(SolutionConfigurationPlatforms) = preSolution
		Debug|Any CPU = Debug|Any CPU
		Release|Any CPU = Release|Any CPU
	EndGlobalSection
	GlobalSection(ProjectConfigurationPlatforms) = postSolution
		{B90D1DF1-F2F6-48CB-BD99-7017946D7BD5}.Debug|Any CPU.ActiveCfg = Debug|Any CPU
		{B90D1DF1-F2F6-48CB-BD99-7017946D7BD5}.Debug|Any CPU.Build.0 = Debug|Any CPU
		{B90D1DF1-F2F6-48CB-BD99-7017946D7BD5}.Release|Any CPU.ActiveCfg = Release|Any CPU
		{B90D1DF1-F2F6-48CB-BD99-7017946D7BD5}.Release|Any CPU.Build.0 = Release|Any CPU
	EndGlobalSection
EndGlobal
